
Microsoft Visual Studio Solution File, Format Version 12.00
# Visual Studio Version 17
VisualStudioVersion = 17.13.35931.197
MinimumVisualStudioVersion = 10.0.40219.1
Project("{FAE04EC0-301F-11D3-BF4B-00C04F79EFBC}") = "ms-games", "ms-games.csproj", "{5C933337-87C5-089D-537D-17851FBAE701}"
EndProject
Project("{FAE04EC0-301F-11D3-BF4B-00C04F79EFBC}") = "ms-games.Tests", "ms-games.Tests\ms-games.Tests.csproj", "{2FFE6889-7EFD-42D5-B360-3CC4582880A7}"
EndProject
Global
	GlobalSection(SolutionConfigurationPlatforms) = preSolution
		Debug|Any CPU = Debug|Any CPU
		Debug|x64 = Debug|x64
		Debug|x86 = Debug|x86
		Release|Any CPU = Release|Any CPU
		Release|x64 = Release|x64
		Release|x86 = Release|x86
	EndGlobalSection
	GlobalSection(ProjectConfigurationPlatforms) = postSolution
		{5C933337-87C5-089D-537D-17851FBAE701}.Debug|Any CPU.ActiveCfg = Debug|Any CPU
		{5C933337-87C5-089D-537D-17851FBAE701}.Debug|Any CPU.Build.0 = Debug|Any CPU
		{5C933337-87C5-089D-537D-17851FBAE701}.Debug|x64.ActiveCfg = Debug|Any CPU
		{5C933337-87C5-089D-537D-17851FBAE701}.Debug|x64.Build.0 = Debug|Any CPU
		{5C933337-87C5-089D-537D-17851FBAE701}.Debug|x86.ActiveCfg = Debug|Any CPU
		{5C933337-87C5-089D-537D-17851FBAE701}.Debug|x86.Build.0 = Debug|Any CPU
		{5C933337-87C5-089D-537D-17851FBAE701}.Release|Any CPU.ActiveCfg = Release|Any CPU
		{5C933337-87C5-089D-537D-17851FBAE701}.Release|Any CPU.Build.0 = Release|Any CPU
		{5C933337-87C5-089D-537D-17851FBAE701}.Release|x64.ActiveCfg = Release|Any CPU
		{5C933337-87C5-089D-537D-17851FBAE701}.Release|x64.Build.0 = Release|Any CPU
		{5C933337-87C5-089D-537D-17851FBAE701}.Release|x86.ActiveCfg = Release|Any CPU
		{5C933337-87C5-089D-537D-17851FBAE701}.Release|x86.Build.0 = Release|Any CPU
		{2FFE6889-7EFD-42D5-B360-3CC4582880A7}.Debug|Any CPU.ActiveCfg = Debug|Any CPU
		{2FFE6889-7EFD-42D5-B360-3CC4582880A7}.Debug|Any CPU.Build.0 = Debug|Any CPU
		{2FFE6889-7EFD-42D5-B360-3CC4582880A7}.Debug|x64.ActiveCfg = Debug|Any CPU
		{2FFE6889-7EFD-42D5-B360-3CC4582880A7}.Debug|x64.Build.0 = Debug|Any CPU
		{2FFE6889-7EFD-42D5-B360-3CC4582880A7}.Debug|x86.ActiveCfg = Debug|Any CPU
		{2FFE6889-7EFD-42D5-B360-3CC4582880A7}.Debug|x86.Build.0 = Debug|Any CPU
		{2FFE6889-7EFD-42D5-B360-3CC4582880A7}.Release|Any CPU.ActiveCfg = Release|Any CPU
		{2FFE6889-7EFD-42D5-B360-3CC4582880A7}.Release|Any CPU.Build.0 = Release|Any CPU
		{2FFE6889-7EFD-42D5-B360-3CC4582880A7}.Release|x64.ActiveCfg = Release|Any CPU
		{2FFE6889-7EFD-42D5-B360-3CC4582880A7}.Release|x64.Build.0 = Release|Any CPU
		{2FFE6889-7EFD-42D5-B360-3CC4582880A7}.Release|x86.ActiveCfg = Release|Any CPU
		{2FFE6889-7EFD-42D5-B360-3CC4582880A7}.Release|x86.Build.0 = Release|Any CPU
	EndGlobalSection
	GlobalSection(SolutionProperties) = preSolution
		HideSolutionNode = FALSE
	EndGlobalSection
	GlobalSection(ExtensibilityGlobals) = postSolution
		SolutionGuid = {04C40B3E-FCFF-43C4-BF13-58D4C169115C}
	EndGlobalSection
EndGlobal
